
Microsoft Visual Studio Solution File, Format Version 12.00
# Visual Studio Version 17
VisualStudioVersion = 17.9.34701.34
MinimumVisualStudioVersion = 10.0.40219.1
Project("{FAE04EC0-301F-11D3-BF4B-00C04F79EFBC}") = "GroceryManagementSystem", "GroceryManagmentSystem\GroceryManagementSystem.csproj", "{7C86453D-A327-4EF5-BB7A-020D4341F308}"
EndProject
Project("{FAE04EC0-301F-11D3-BF4B-00C04F79EFBC}") = "Common", "Common\Common.csproj", "{C05EC085-713C-45EE-A009-634A9690024D}"
EndProject
Project("{FAE04EC0-301F-11D3-BF4B-00C04F79EFBC}") = "Repository", "Repository\Repository.csproj", "{0B07B58D-D94F-4D75-AC16-DE774507B1C2}"
EndProject
Project("{FAE04EC0-301F-11D3-BF4B-00C04F79EFBC}") = "GroceryDbContext", "GroceryDbContext\GroceryDbContext.csproj", "{CDEF2418-42DE-4708-B2D2-A93B651FD184}"
EndProject
Project("{FAE04EC0-301F-11D3-BF4B-00C04F79EFBC}") = "Service", "Service\Service.csproj", "{7DBF1DB6-4ECE-4A5F-94FD-B47374C1729B}"
EndProject
Global
	GlobalSection(SolutionConfigurationPlatforms) = preSolution
		Debug|Any CPU = Debug|Any CPU
		Release|Any CPU = Release|Any CPU
	EndGlobalSection
	GlobalSection(ProjectConfigurationPlatforms) = postSolution
		{7C86453D-A327-4EF5-BB7A-020D4341F308}.Debug|Any CPU.ActiveCfg = Debug|Any CPU
		{7C86453D-A327-4EF5-BB7A-020D4341F308}.Debug|Any CPU.Build.0 = Debug|Any CPU
		{7C86453D-A327-4EF5-BB7A-020D4341F308}.Release|Any CPU.ActiveCfg = Release|Any CPU
		{7C86453D-A327-4EF5-BB7A-020D4341F308}.Release|Any CPU.Build.0 = Release|Any CPU
		{C05EC085-713C-45EE-A009-634A9690024D}.Debug|Any CPU.ActiveCfg = Debug|Any CPU
		{C05EC085-713C-45EE-A009-634A9690024D}.Debug|Any CPU.Build.0 = Debug|Any CPU
		{C05EC085-713C-45EE-A009-634A9690024D}.Release|Any CPU.ActiveCfg = Release|Any CPU
		{C05EC085-713C-45EE-A009-634A9690024D}.Release|Any CPU.Build.0 = Release|Any CPU
		{0B07B58D-D94F-4D75-AC16-DE774507B1C2}.Debug|Any CPU.ActiveCfg = Debug|Any CPU
		{0B07B58D-D94F-4D75-AC16-DE774507B1C2}.Debug|Any CPU.Build.0 = Debug|Any CPU
		{0B07B58D-D94F-4D75-AC16-DE774507B1C2}.Release|Any CPU.ActiveCfg = Release|Any CPU
		{0B07B58D-D94F-4D75-AC16-DE774507B1C2}.Release|Any CPU.Build.0 = Release|Any CPU
		{CDEF2418-42DE-4708-B2D2-A93B651FD184}.Debug|Any CPU.ActiveCfg = Debug|Any CPU
		{CDEF2418-42DE-4708-B2D2-A93B651FD184}.Debug|Any CPU.Build.0 = Debug|Any CPU
		{CDEF2418-42DE-4708-B2D2-A93B651FD184}.Release|Any CPU.ActiveCfg = Release|Any CPU
		{CDEF2418-42DE-4708-B2D2-A93B651FD184}.Release|Any CPU.Build.0 = Release|Any CPU
		{7DBF1DB6-4ECE-4A5F-94FD-B47374C1729B}.Debug|Any CPU.ActiveCfg = Debug|Any CPU
		{7DBF1DB6-4ECE-4A5F-94FD-B47374C1729B}.Debug|Any CPU.Build.0 = Debug|Any CPU
		{7DBF1DB6-4ECE-4A5F-94FD-B47374C1729B}.Release|Any CPU.ActiveCfg = Release|Any CPU
		{7DBF1DB6-4ECE-4A5F-94FD-B47374C1729B}.Release|Any CPU.Build.0 = Release|Any CPU
	EndGlobalSection
	GlobalSection(SolutionProperties) = preSolution
		HideSolutionNode = FALSE
	EndGlobalSection
	GlobalSection(ExtensibilityGlobals) = postSolution
		SolutionGuid = {55ACBA89-468B-4C69-9CE1-8B72167E67AB}
	EndGlobalSection
EndGlobal
